
Microsoft Visual Studio Solution File, Format Version 12.00
# Visual Studio Version 17
VisualStudioVersion = 17.2.32616.157
MinimumVisualStudioVersion = 10.0.40219.1
Project("{FAE04EC0-301F-11D3-BF4B-00C04F79EFBC}") = "ProjetoExemplo.WindowsForms.UI", "ProjetoExemplo.WindowsForms.UI.csproj", "{9736981C-0249-4103-BD1C-A795CC4129FF}"
EndProject
Global
	GlobalSection(SolutionConfigurationPlatforms) = preSolution
		Debug|Any CPU = Debug|Any CPU
		Release|Any CPU = Release|Any CPU
	EndGlobalSection
	GlobalSection(ProjectConfigurationPlatforms) = postSolution
		{9736981C-0249-4103-BD1C-A795CC4129FF}.Debug|Any CPU.ActiveCfg = Debug|Any CPU
		{9736981C-0249-4103-BD1C-A795CC4129FF}.Debug|Any CPU.Build.0 = Debug|Any CPU
		{9736981C-0249-4103-BD1C-A795CC4129FF}.Release|Any CPU.ActiveCfg = Release|Any CPU
		{9736981C-0249-4103-BD1C-A795CC4129FF}.Release|Any CPU.Build.0 = Release|Any CPU
	EndGlobalSection
	GlobalSection(SolutionProperties) = preSolution
		HideSolutionNode = FALSE
	EndGlobalSection
	GlobalSection(ExtensibilityGlobals) = postSolution
		SolutionGuid = {D47C3921-9634-4084-A2EF-CA715DEB64F2}
	EndGlobalSection
EndGlobal
